
Microsoft Visual Studio Solution File, Format Version 12.00
# Visual Studio 2013
VisualStudioVersion = 12.0.31101.0
MinimumVisualStudioVersion = 10.0.40219.1
Project("{FAE04EC0-301F-11D3-BF4B-00C04F79EFBC}") = "Data Serialization", "Data Serialization.csproj", "{4D4DCD61-A967-4ACF-9A3A-42195622D735}"
EndProject
Global
	GlobalSection(SolutionConfigurationPlatforms) = preSolution
		Debug|.NET = Debug|.NET
		Debug|Any CPU = Debug|Any CPU
		Debug|Mixed Platforms = Debug|Mixed Platforms
		Release|.NET = Release|.NET
		Release|Any CPU = Release|Any CPU
		Release|Mixed Platforms = Release|Mixed Platforms
	EndGlobalSection
	GlobalSection(ProjectConfigurationPlatforms) = postSolution
		{4D4DCD61-A967-4ACF-9A3A-42195622D735}.Debug|.NET.ActiveCfg = Debug|Any CPU
		{4D4DCD61-A967-4ACF-9A3A-42195622D735}.Debug|Any CPU.ActiveCfg = Debug|Any CPU
		{4D4DCD61-A967-4ACF-9A3A-42195622D735}.Debug|Any CPU.Build.0 = Debug|Any CPU
		{4D4DCD61-A967-4ACF-9A3A-42195622D735}.Debug|Mixed Platforms.ActiveCfg = Debug|Any CPU
		{4D4DCD61-A967-4ACF-9A3A-42195622D735}.Debug|Mixed Platforms.Build.0 = Debug|Any CPU
		{4D4DCD61-A967-4ACF-9A3A-42195622D735}.Release|.NET.ActiveCfg = Release|Any CPU
		{4D4DCD61-A967-4ACF-9A3A-42195622D735}.Release|Any CPU.ActiveCfg = Release|Any CPU
		{4D4DCD61-A967-4ACF-9A3A-42195622D735}.Release|Any CPU.Build.0 = Release|Any CPU
		{4D4DCD61-A967-4ACF-9A3A-42195622D735}.Release|Mixed Platforms.ActiveCfg = Release|Any CPU
		{4D4DCD61-A967-4ACF-9A3A-42195622D735}.Release|Mixed Platforms.Build.0 = Release|Any CPU
	EndGlobalSection
	GlobalSection(SolutionProperties) = preSolution
		HideSolutionNode = FALSE
	EndGlobalSection
EndGlobal
