
Microsoft Visual Studio Solution File, Format Version 12.00
# Visual Studio 2013
VisualStudioVersion = 12.0.31101.0
MinimumVisualStudioVersion = 10.0.40219.1
Project("{FAE04EC0-301F-11D3-BF4B-00C04F79EFBC}") = "DebuggingAndTracing", "DebuggingAndTracing.csproj", "{581B9930-FE1F-459D-847E-23412128C456}"
EndProject
Project("{FAE04EC0-301F-11D3-BF4B-00C04F79EFBC}") = "ImageVisualizer", "ImageVisualizer\ImageVisualizer.csproj", "{C81D500A-5BB3-4641-B6E1-438AF057FBB5}"
EndProject
Global
	GlobalSection(SolutionConfigurationPlatforms) = preSolution
		Debug|Any CPU = Debug|Any CPU
		Release|Any CPU = Release|Any CPU
	EndGlobalSection
	GlobalSection(ProjectConfigurationPlatforms) = postSolution
		{581B9930-FE1F-459D-847E-23412128C456}.Debug|Any CPU.ActiveCfg = Debug|Any CPU
		{581B9930-FE1F-459D-847E-23412128C456}.Debug|Any CPU.Build.0 = Debug|Any CPU
		{581B9930-FE1F-459D-847E-23412128C456}.Release|Any CPU.ActiveCfg = Release|Any CPU
		{581B9930-FE1F-459D-847E-23412128C456}.Release|Any CPU.Build.0 = Release|Any CPU
		{C81D500A-5BB3-4641-B6E1-438AF057FBB5}.Debug|Any CPU.ActiveCfg = Debug|Any CPU
		{C81D500A-5BB3-4641-B6E1-438AF057FBB5}.Debug|Any CPU.Build.0 = Debug|Any CPU
		{C81D500A-5BB3-4641-B6E1-438AF057FBB5}.Release|Any CPU.ActiveCfg = Release|Any CPU
		{C81D500A-5BB3-4641-B6E1-438AF057FBB5}.Release|Any CPU.Build.0 = Release|Any CPU
	EndGlobalSection
	GlobalSection(SolutionProperties) = preSolution
		HideSolutionNode = FALSE
	EndGlobalSection
EndGlobal
