
Microsoft Visual Studio Solution File, Format Version 12.00
# Visual Studio 2013
VisualStudioVersion = 12.0.31101.0
MinimumVisualStudioVersion = 10.0.40219.1
Project("{FAE04EC0-301F-11D3-BF4B-00C04F79EFBC}") = "Service", "Service.csproj", "{CF8068C6-7AA7-451C-9FA8-CC8163B941FE}"
EndProject
Project("{FAE04EC0-301F-11D3-BF4B-00C04F79EFBC}") = "Client", "..\Client\Client.csproj", "{B1C051EC-44F1-4C91-B49B-2AA05F770A2E}"
	ProjectSection(ProjectDependencies) = postProject
		{CF8068C6-7AA7-451C-9FA8-CC8163B941FE} = {CF8068C6-7AA7-451C-9FA8-CC8163B941FE}
	EndProjectSection
EndProject
Global
	GlobalSection(SolutionConfigurationPlatforms) = preSolution
		Debug|Any CPU = Debug|Any CPU
		Release|Any CPU = Release|Any CPU
	EndGlobalSection
	GlobalSection(ProjectConfigurationPlatforms) = postSolution
		{CF8068C6-7AA7-451C-9FA8-CC8163B941FE}.Debug|Any CPU.ActiveCfg = Debug|Any CPU
		{CF8068C6-7AA7-451C-9FA8-CC8163B941FE}.Debug|Any CPU.Build.0 = Debug|Any CPU
		{CF8068C6-7AA7-451C-9FA8-CC8163B941FE}.Release|Any CPU.ActiveCfg = Release|Any CPU
		{CF8068C6-7AA7-451C-9FA8-CC8163B941FE}.Release|Any CPU.Build.0 = Release|Any CPU
		{B1C051EC-44F1-4C91-B49B-2AA05F770A2E}.Debug|Any CPU.ActiveCfg = Debug|Any CPU
		{B1C051EC-44F1-4C91-B49B-2AA05F770A2E}.Debug|Any CPU.Build.0 = Debug|Any CPU
		{B1C051EC-44F1-4C91-B49B-2AA05F770A2E}.Release|Any CPU.ActiveCfg = Release|Any CPU
		{B1C051EC-44F1-4C91-B49B-2AA05F770A2E}.Release|Any CPU.Build.0 = Release|Any CPU
	EndGlobalSection
	GlobalSection(SolutionProperties) = preSolution
		HideSolutionNode = FALSE
	EndGlobalSection
EndGlobal
